
Microsoft Visual Studio Solution File, Format Version 12.00
# Visual Studio Version 17
VisualStudioVersion = 17.3.32611.2
MinimumVisualStudioVersion = 10.0.40219.1
Project("{9A19103F-16F7-4668-BE54-9A1E7A4F7556}") = "Corvus.UriTemplate.Benchmarking", "Corvus.UriTemplate.Benchmarking\Corvus.UriTemplate.Benchmarking.csproj", "{5921287D-255C-46D0-8864-5644ABD710D9}"
EndProject
Project("{FAE04EC0-301F-11D3-BF4B-00C04F79EFBC}") = "Corvus.UriTemplates", "Corvus.UriTemplates\Corvus.UriTemplates.csproj", "{E6BB4B60-3481-4645-8810-836EFC0CF35B}"
EndProject
Project("{9A19103F-16F7-4668-BE54-9A1E7A4F7556}") = "UriTemplateTests", "Corvus.UriTemplate.TavisApi.Tests\UriTemplateTests.csproj", "{32E0D248-3274-4C77-B1D4-7035E184958B}"
EndProject
Global
	GlobalSection(SolutionConfigurationPlatforms) = preSolution
		Debug|Any CPU = Debug|Any CPU
		Release|Any CPU = Release|Any CPU
	EndGlobalSection
	GlobalSection(ProjectConfigurationPlatforms) = postSolution
		{5921287D-255C-46D0-8864-5644ABD710D9}.Debug|Any CPU.ActiveCfg = Debug|Any CPU
		{5921287D-255C-46D0-8864-5644ABD710D9}.Debug|Any CPU.Build.0 = Debug|Any CPU
		{5921287D-255C-46D0-8864-5644ABD710D9}.Release|Any CPU.ActiveCfg = Release|Any CPU
		{5921287D-255C-46D0-8864-5644ABD710D9}.Release|Any CPU.Build.0 = Release|Any CPU
		{E6BB4B60-3481-4645-8810-836EFC0CF35B}.Debug|Any CPU.ActiveCfg = Debug|Any CPU
		{E6BB4B60-3481-4645-8810-836EFC0CF35B}.Debug|Any CPU.Build.0 = Debug|Any CPU
		{E6BB4B60-3481-4645-8810-836EFC0CF35B}.Release|Any CPU.ActiveCfg = Release|Any CPU
		{E6BB4B60-3481-4645-8810-836EFC0CF35B}.Release|Any CPU.Build.0 = Release|Any CPU
		{32E0D248-3274-4C77-B1D4-7035E184958B}.Debug|Any CPU.ActiveCfg = Debug|Any CPU
		{32E0D248-3274-4C77-B1D4-7035E184958B}.Debug|Any CPU.Build.0 = Debug|Any CPU
		{32E0D248-3274-4C77-B1D4-7035E184958B}.Release|Any CPU.ActiveCfg = Release|Any CPU
		{32E0D248-3274-4C77-B1D4-7035E184958B}.Release|Any CPU.Build.0 = Release|Any CPU
	EndGlobalSection
	GlobalSection(SolutionProperties) = preSolution
		HideSolutionNode = FALSE
	EndGlobalSection
	GlobalSection(ExtensibilityGlobals) = postSolution
		SolutionGuid = {D744631F-1DD6-4290-BF2D-67925BA2341D}
	EndGlobalSection
EndGlobal
